
Microsoft Visual Studio Solution File, Format Version 12.00
# Visual Studio Version 16
VisualStudioVersion = 16.0.31112.23
MinimumVisualStudioVersion = 10.0.40219.1
Project("{FAE04EC0-301F-11D3-BF4B-00C04F79EFBC}") = "Entities", "Entities\Entities.csproj", "{AF5569C8-4E01-4E81-BDAA-C9A8B213DCDB}"
EndProject
Project("{FAE04EC0-301F-11D3-BF4B-00C04F79EFBC}") = "DataAccess", "DataAccess\DataAccess.csproj", "{54B86143-44EC-43BB-82FC-EEB3581C4494}"
EndProject
Project("{FAE04EC0-301F-11D3-BF4B-00C04F79EFBC}") = "Business", "Business\Business.csproj", "{D297153F-3E93-4ACF-927B-96F4299421C0}"
EndProject
Project("{FAE04EC0-301F-11D3-BF4B-00C04F79EFBC}") = "ConsoleUI", "Console.UI\ConsoleUI.csproj", "{25165CBC-A870-4A48-8E97-0BC9ED743BAC}"
EndProject
Global
	GlobalSection(SolutionConfigurationPlatforms) = preSolution
		Debug|Any CPU = Debug|Any CPU
		Release|Any CPU = Release|Any CPU
	EndGlobalSection
	GlobalSection(ProjectConfigurationPlatforms) = postSolution
		{AF5569C8-4E01-4E81-BDAA-C9A8B213DCDB}.Debug|Any CPU.ActiveCfg = Debug|Any CPU
		{AF5569C8-4E01-4E81-BDAA-C9A8B213DCDB}.Debug|Any CPU.Build.0 = Debug|Any CPU
		{AF5569C8-4E01-4E81-BDAA-C9A8B213DCDB}.Release|Any CPU.ActiveCfg = Release|Any CPU
		{AF5569C8-4E01-4E81-BDAA-C9A8B213DCDB}.Release|Any CPU.Build.0 = Release|Any CPU
		{54B86143-44EC-43BB-82FC-EEB3581C4494}.Debug|Any CPU.ActiveCfg = Debug|Any CPU
		{54B86143-44EC-43BB-82FC-EEB3581C4494}.Debug|Any CPU.Build.0 = Debug|Any CPU
		{54B86143-44EC-43BB-82FC-EEB3581C4494}.Release|Any CPU.ActiveCfg = Release|Any CPU
		{54B86143-44EC-43BB-82FC-EEB3581C4494}.Release|Any CPU.Build.0 = Release|Any CPU
		{D297153F-3E93-4ACF-927B-96F4299421C0}.Debug|Any CPU.ActiveCfg = Debug|Any CPU
		{D297153F-3E93-4ACF-927B-96F4299421C0}.Debug|Any CPU.Build.0 = Debug|Any CPU
		{D297153F-3E93-4ACF-927B-96F4299421C0}.Release|Any CPU.ActiveCfg = Release|Any CPU
		{D297153F-3E93-4ACF-927B-96F4299421C0}.Release|Any CPU.Build.0 = Release|Any CPU
		{25165CBC-A870-4A48-8E97-0BC9ED743BAC}.Debug|Any CPU.ActiveCfg = Debug|Any CPU
		{25165CBC-A870-4A48-8E97-0BC9ED743BAC}.Debug|Any CPU.Build.0 = Debug|Any CPU
		{25165CBC-A870-4A48-8E97-0BC9ED743BAC}.Release|Any CPU.ActiveCfg = Release|Any CPU
		{25165CBC-A870-4A48-8E97-0BC9ED743BAC}.Release|Any CPU.Build.0 = Release|Any CPU
	EndGlobalSection
	GlobalSection(SolutionProperties) = preSolution
		HideSolutionNode = FALSE
	EndGlobalSection
	GlobalSection(ExtensibilityGlobals) = postSolution
		SolutionGuid = {7EC08B2B-1B70-43FA-A2F9-3F7F09510807}
	EndGlobalSection
EndGlobal
